
Microsoft Visual Studio Solution File, Format Version 12.00
# Visual Studio Version 17
VisualStudioVersion = 17.5.002.0
MinimumVisualStudioVersion = 10.0.40219.1
Project("{9A19103F-16F7-4668-BE54-9A1E7A4F7556}") = "Avanade", "Avanade.csproj", "{BE599C87-F26D-4983-A5EB-7645F129A279}"
EndProject
Global
	GlobalSection(SolutionConfigurationPlatforms) = preSolution
		Debug|Any CPU = Debug|Any CPU
		Release|Any CPU = Release|Any CPU
	EndGlobalSection
	GlobalSection(ProjectConfigurationPlatforms) = postSolution
		{BE599C87-F26D-4983-A5EB-7645F129A279}.Debug|Any CPU.ActiveCfg = Debug|Any CPU
		{BE599C87-F26D-4983-A5EB-7645F129A279}.Debug|Any CPU.Build.0 = Debug|Any CPU
		{BE599C87-F26D-4983-A5EB-7645F129A279}.Release|Any CPU.ActiveCfg = Release|Any CPU
		{BE599C87-F26D-4983-A5EB-7645F129A279}.Release|Any CPU.Build.0 = Release|Any CPU
	EndGlobalSection
	GlobalSection(SolutionProperties) = preSolution
		HideSolutionNode = FALSE
	EndGlobalSection
	GlobalSection(ExtensibilityGlobals) = postSolution
		SolutionGuid = {A0428DEF-FFDD-4CB5-8B2B-8FCE59A80B8E}
	EndGlobalSection
EndGlobal
